{
  "name": "swc-node-jest-exp",
  "version": "1.0.0",
  "lockfileVersion": 1,
  "requires": true,
  "dependencies": {
    "@node-rs/helper": {
      "version": "0.3.1",
      "resolved": "https://registry.npmjs.org/@node-rs/helper/-/helper-0.3.1.tgz",
      "integrity": "sha512-3X6SJOcyFRYv1mjrjtSHiziJuzAsqaz2pFD3uuLxu4qJo4TH6H0gaUb1Bdxl/VtiDy2yR+eMyBOQFCvr/G2oLA==",
      "requires": {
        "tslib": "^2.0.1"
      }
    },
    "@swc-node/core": {
      "version": "0.6.1",
      "resolved": "https://registry.npmjs.org/@swc-node/core/-/core-0.6.1.tgz",
      "integrity": "sha512-5DXGG7u1lawiZuqv2MDgKgXNpjXu08uxg89bPU8PJATGeP+EQtJDgHwM7uF1hmRM1wsOsIy4o1t10w6NUWKCxQ==",
      "requires": {
        "@node-rs/helper": "^0.3.1",
        "@swc-node/core-darwin": "^0.6.1",
        "@swc-node/core-linux": "^0.6.1",
        "@swc-node/core-win32": "^0.6.1"
      }
    },
    "@swc-node/core-darwin": {
      "version": "0.6.1",
      "resolved": "https://registry.npmjs.org/@swc-node/core-darwin/-/core-darwin-0.6.1.tgz",
      "integrity": "sha512-tMWzyFhq4zPKnqq7yhUknFQWIishokFMMaqaptXq8w3wnidOhUCr83GhVggnj8r8LnUtNB8pegEj17Kl/20qjQ==",
      "optional": true
    },
    "@swc-node/core-linux": {
      "version": "0.6.1",
      "resolved": "https://registry.npmjs.org/@swc-node/core-linux/-/core-linux-0.6.1.tgz",
      "integrity": "sha512-oeE50kwZ8FgmP+MDFWi5aQpi4A+xUsqBQphTI4Cth7IdNqWbCq+sKU1dMn5FBFpyrp9KxXX9zrWOZYN6dtlwcg==",
      "optional": true
    },
    "@swc-node/core-win32": {
      "version": "0.6.1",
      "resolved": "https://registry.npmjs.org/@swc-node/core-win32/-/core-win32-0.6.1.tgz",
      "integrity": "sha512-6t8wbrbrY28nLP0rPY6nAuz6wUAZRVwkuEVt6QDrz44eo8wJkPqmZBHhYubDgdiofnxHNOveR9i9sdH2Z7xOSg==",
      "optional": true
    },
    "@swc-node/jest": {
      "version": "0.3.1",
      "resolved": "https://registry.npmjs.org/@swc-node/jest/-/jest-0.3.1.tgz",
      "integrity": "sha512-ClPbHG/v2meKYexKNQuIskHOFjmsjlXC7uU+taMMD+rILREuYvcTEqiauCRAXhEZm/BezJEM2FX+erEIf3Dh/A==",
      "requires": {
        "@swc-node/core": "^0.6.1"
      }
    },
    "tslib": {
      "version": "2.0.1",
      "resolved": "https://registry.npmjs.org/tslib/-/tslib-2.0.1.tgz",
      "integrity": "sha512-SgIkNheinmEBgx1IUNirK0TUD4X9yjjBRTqqjggWCU3pUEqIk3/Uwl3yRixYKT6WjQuGiwDv4NomL3wqRCj+CQ=="
    }
  }
}
